
Terraform used the selected providers to generate the following execution
plan. Resource actions are indicated with the following symbols:
  [32m+[0m create
[0m
Terraform will perform the following actions:

[1m  # aws_subnet.stg-pri-db1[0m will be created[0m[0m
[0m  [32m+[0m[0m resource "aws_subnet" "stg-pri-db1" {
      [32m+[0m [0m[1m[0marn[0m[0m                             = (known after apply)
      [32m+[0m [0m[1m[0massign_ipv6_address_on_creation[0m[0m = false
      [32m+[0m [0m[1m[0mavailability_zone[0m[0m               = "ap-northeast-2a"
      [32m+[0m [0m[1m[0mavailability_zone_id[0m[0m            = (known after apply)
      [32m+[0m [0m[1m[0mcidr_block[0m[0m                      = "192.168.1.192/27"
      [32m+[0m [0m[1m[0mid[0m[0m                              = (known after apply)
      [32m+[0m [0m[1m[0mipv6_cidr_block_association_id[0m[0m  = (known after apply)
      [32m+[0m [0m[1m[0mmap_public_ip_on_launch[0m[0m         = false
      [32m+[0m [0m[1m[0mowner_id[0m[0m                        = (known after apply)
      [32m+[0m [0m[1m[0mtags[0m[0m                            = {
          [32m+[0m [0m"AppTier"     = "subnet"
          [32m+[0m [0m"Application" = "subnet"
          [32m+[0m [0m"Backup"      = "no"
          [32m+[0m [0m"Environment" = "stg"
          [32m+[0m [0m"Name"        = "sn-hshdim-stg-an2a-pri-db"
        }
      [32m+[0m [0m[1m[0mtags_all[0m[0m                        = {
          [32m+[0m [0m"AppTier"     = "subnet"
          [32m+[0m [0m"Application" = "subnet"
          [32m+[0m [0m"Backup"      = "no"
          [32m+[0m [0m"Environment" = "stg"
          [32m+[0m [0m"Name"        = "sn-hshdim-stg-an2a-pri-db"
        }
      [32m+[0m [0m[1m[0mvpc_id[0m[0m                          = "vpc-0221729cec4066136"
    }

[1m  # aws_subnet.stg-pri-db2[0m will be created[0m[0m
[0m  [32m+[0m[0m resource "aws_subnet" "stg-pri-db2" {
      [32m+[0m [0m[1m[0marn[0m[0m                             = (known after apply)
      [32m+[0m [0m[1m[0massign_ipv6_address_on_creation[0m[0m = false
      [32m+[0m [0m[1m[0mavailability_zone[0m[0m               = "ap-northeast-2c"
      [32m+[0m [0m[1m[0mavailability_zone_id[0m[0m            = (known after apply)
      [32m+[0m [0m[1m[0mcidr_block[0m[0m                      = "192.168.1.224/27"
      [32m+[0m [0m[1m[0mid[0m[0m                              = (known after apply)
      [32m+[0m [0m[1m[0mipv6_cidr_block_association_id[0m[0m  = (known after apply)
      [32m+[0m [0m[1m[0mmap_public_ip_on_launch[0m[0m         = false
      [32m+[0m [0m[1m[0mowner_id[0m[0m                        = (known after apply)
      [32m+[0m [0m[1m[0mtags[0m[0m                            = {
          [32m+[0m [0m"AppTier"     = "subnet"
          [32m+[0m [0m"Application" = "subnet"
          [32m+[0m [0m"Backup"      = "no"
          [32m+[0m [0m"Environment" = "stg"
          [32m+[0m [0m"Name"        = "sn-hshdim-stg-an2c-pri-db"
        }
      [32m+[0m [0m[1m[0mtags_all[0m[0m                        = {
          [32m+[0m [0m"AppTier"     = "subnet"
          [32m+[0m [0m"Application" = "subnet"
          [32m+[0m [0m"Backup"      = "no"
          [32m+[0m [0m"Environment" = "stg"
          [32m+[0m [0m"Name"        = "sn-hshdim-stg-an2c-pri-db"
        }
      [32m+[0m [0m[1m[0mvpc_id[0m[0m                          = "vpc-0221729cec4066136"
    }

[1m  # aws_subnet.stg-pri1[0m will be created[0m[0m
[0m  [32m+[0m[0m resource "aws_subnet" "stg-pri1" {
      [32m+[0m [0m[1m[0marn[0m[0m                             = (known after apply)
      [32m+[0m [0m[1m[0massign_ipv6_address_on_creation[0m[0m = false
      [32m+[0m [0m[1m[0mavailability_zone[0m[0m               = "ap-northeast-2a"
      [32m+[0m [0m[1m[0mavailability_zone_id[0m[0m            = (known after apply)
      [32m+[0m [0m[1m[0mcidr_block[0m[0m                      = "192.168.1.64/26"
      [32m+[0m [0m[1m[0mid[0m[0m                              = (known after apply)
      [32m+[0m [0m[1m[0mipv6_cidr_block_association_id[0m[0m  = (known after apply)
      [32m+[0m [0m[1m[0mmap_public_ip_on_launch[0m[0m         = false
      [32m+[0m [0m[1m[0mowner_id[0m[0m                        = (known after apply)
      [32m+[0m [0m[1m[0mtags[0m[0m                            = {
          [32m+[0m [0m"AppTier"     = "subnet"
          [32m+[0m [0m"Application" = "subnet"
          [32m+[0m [0m"Backup"      = "no"
          [32m+[0m [0m"Environment" = "stg"
          [32m+[0m [0m"Name"        = "sn-hshdim-stg-an2a-pri"
        }
      [32m+[0m [0m[1m[0mtags_all[0m[0m                        = {
          [32m+[0m [0m"AppTier"     = "subnet"
          [32m+[0m [0m"Application" = "subnet"
          [32m+[0m [0m"Backup"      = "no"
          [32m+[0m [0m"Environment" = "stg"
          [32m+[0m [0m"Name"        = "sn-hshdim-stg-an2a-pri"
        }
      [32m+[0m [0m[1m[0mvpc_id[0m[0m                          = "vpc-0221729cec4066136"
    }

[1m  # aws_subnet.stg-pri2[0m will be created[0m[0m
[0m  [32m+[0m[0m resource "aws_subnet" "stg-pri2" {
      [32m+[0m [0m[1m[0marn[0m[0m                             = (known after apply)
      [32m+[0m [0m[1m[0massign_ipv6_address_on_creation[0m[0m = false
      [32m+[0m [0m[1m[0mavailability_zone[0m[0m               = "ap-northeast-2c"
      [32m+[0m [0m[1m[0mavailability_zone_id[0m[0m            = (known after apply)
      [32m+[0m [0m[1m[0mcidr_block[0m[0m                      = "192.168.1.128/26"
      [32m+[0m [0m[1m[0mid[0m[0m                              = (known after apply)
      [32m+[0m [0m[1m[0mipv6_cidr_block_association_id[0m[0m  = (known after apply)
      [32m+[0m [0m[1m[0mmap_public_ip_on_launch[0m[0m         = false
      [32m+[0m [0m[1m[0mowner_id[0m[0m                        = (known after apply)
      [32m+[0m [0m[1m[0mtags[0m[0m                            = {
          [32m+[0m [0m"AppTier"     = "subnet"
          [32m+[0m [0m"Application" = "subnet"
          [32m+[0m [0m"Backup"      = "no"
          [32m+[0m [0m"Environment" = "stg"
          [32m+[0m [0m"Name"        = "sn-hshdim-stg-an2c-pri"
        }
      [32m+[0m [0m[1m[0mtags_all[0m[0m                        = {
          [32m+[0m [0m"AppTier"     = "subnet"
          [32m+[0m [0m"Application" = "subnet"
          [32m+[0m [0m"Backup"      = "no"
          [32m+[0m [0m"Environment" = "stg"
          [32m+[0m [0m"Name"        = "sn-hshdim-stg-an2c-pri"
        }
      [32m+[0m [0m[1m[0mvpc_id[0m[0m                          = "vpc-0221729cec4066136"
    }

[1m  # aws_subnet.stg-pub1[0m will be created[0m[0m
[0m  [32m+[0m[0m resource "aws_subnet" "stg-pub1" {
      [32m+[0m [0m[1m[0marn[0m[0m                             = (known after apply)
      [32m+[0m [0m[1m[0massign_ipv6_address_on_creation[0m[0m = false
      [32m+[0m [0m[1m[0mavailability_zone[0m[0m               = "ap-northeast-2a"
      [32m+[0m [0m[1m[0mavailability_zone_id[0m[0m            = (known after apply)
      [32m+[0m [0m[1m[0mcidr_block[0m[0m                      = "192.168.1.0/27"
      [32m+[0m [0m[1m[0mid[0m[0m                              = (known after apply)
      [32m+[0m [0m[1m[0mipv6_cidr_block_association_id[0m[0m  = (known after apply)
      [32m+[0m [0m[1m[0mmap_public_ip_on_launch[0m[0m         = false
      [32m+[0m [0m[1m[0mowner_id[0m[0m                        = (known after apply)
      [32m+[0m [0m[1m[0mtags[0m[0m                            = {
          [32m+[0m [0m"AppTier"     = "subnet"
          [32m+[0m [0m"Application" = "subnet"
          [32m+[0m [0m"Backup"      = "no"
          [32m+[0m [0m"Environment" = "stg"
          [32m+[0m [0m"Name"        = "sn-hshdim-stg-an2a-pub"
        }
      [32m+[0m [0m[1m[0mtags_all[0m[0m                        = {
          [32m+[0m [0m"AppTier"     = "subnet"
          [32m+[0m [0m"Application" = "subnet"
          [32m+[0m [0m"Backup"      = "no"
          [32m+[0m [0m"Environment" = "stg"
          [32m+[0m [0m"Name"        = "sn-hshdim-stg-an2a-pub"
        }
      [32m+[0m [0m[1m[0mvpc_id[0m[0m                          = "vpc-0221729cec4066136"
    }

[1m  # aws_subnet.stg-pub2[0m will be created[0m[0m
[0m  [32m+[0m[0m resource "aws_subnet" "stg-pub2" {
      [32m+[0m [0m[1m[0marn[0m[0m                             = (known after apply)
      [32m+[0m [0m[1m[0massign_ipv6_address_on_creation[0m[0m = false
      [32m+[0m [0m[1m[0mavailability_zone[0m[0m               = "ap-northeast-2c"
      [32m+[0m [0m[1m[0mavailability_zone_id[0m[0m            = (known after apply)
      [32m+[0m [0m[1m[0mcidr_block[0m[0m                      = "192.168.1.32/27"
      [32m+[0m [0m[1m[0mid[0m[0m                              = (known after apply)
      [32m+[0m [0m[1m[0mipv6_cidr_block_association_id[0m[0m  = (known after apply)
      [32m+[0m [0m[1m[0mmap_public_ip_on_launch[0m[0m         = false
      [32m+[0m [0m[1m[0mowner_id[0m[0m                        = (known after apply)
      [32m+[0m [0m[1m[0mtags[0m[0m                            = {
          [32m+[0m [0m"AppTier"     = "subnet"
          [32m+[0m [0m"Application" = "subnet"
          [32m+[0m [0m"Backup"      = "no"
          [32m+[0m [0m"Environment" = "stg"
          [32m+[0m [0m"Name"        = "sn-hshdim-stg-an2c-pub"
        }
      [32m+[0m [0m[1m[0mtags_all[0m[0m                        = {
          [32m+[0m [0m"AppTier"     = "subnet"
          [32m+[0m [0m"Application" = "subnet"
          [32m+[0m [0m"Backup"      = "no"
          [32m+[0m [0m"Environment" = "stg"
          [32m+[0m [0m"Name"        = "sn-hshdim-stg-an2c-pub"
        }
      [32m+[0m [0m[1m[0mvpc_id[0m[0m                          = "vpc-0221729cec4066136"
    }

[0m[1mPlan:[0m 6 to add, 0 to change, 0 to destroy.
[0m[90m
─────────────────────────────────────────────────────────────────────────────[0m

Note: You didn't use the -out option to save this plan, so Terraform can't
guarantee to take exactly these actions if you run "terraform apply" now.
