{
  "version": 4,
  "terraform_version": "1.0.4",
  "serial": 6,
  "lineage": "ed8ca5c9-9f6e-bd8b-5f03-bda7a3e65348",
  "outputs": {},
  "resources": [
    {
      "mode": "managed",
      "type": "aws_iam_group",
      "name": "aa",
      "provider": "provider[\"registry.terraform.io/hashicorp/aws\"]",
      "instances": [
        {
          "schema_version": 0,
          "attributes": {
            "arn": "arn:aws:iam::156736685434:group/users/applicationarchi",
            "id": "applicationarchi",
            "name": "applicationarchi",
            "path": "/users/",
            "unique_id": "AGPASI7R4AV5BM5PPCH2B"
          },
          "sensitive_attributes": [],
          "private": "bnVsbA=="
        }
      ]
    },
    {
      "mode": "managed",
      "type": "aws_iam_group",
      "name": "dev",
      "provider": "provider[\"registry.terraform.io/hashicorp/aws\"]",
      "instances": [
        {
          "schema_version": 0,
          "attributes": {
            "arn": "arn:aws:iam::156736685434:group/users/devgroups",
            "id": "devgroups",
            "name": "devgroups",
            "path": "/users/",
            "unique_id": "AGPASI7R4AV5LVUIGNX54"
          },
          "sensitive_attributes": [],
          "private": "bnVsbA=="
        }
      ]
    }
  ]
}
